
Microsoft Visual Studio Solution File, Format Version 12.00
# Visual Studio Version 17
VisualStudioVersion = 17.3.32922.545
MinimumVisualStudioVersion = 10.0.40219.1
Project("{FAE04EC0-301F-11D3-BF4B-00C04F79EFBC}") = "DZSH2", "DZSH2.csproj", "{02FFE7A3-7B3E-4828-988E-354D9B8064FA}"
EndProject
Global
	GlobalSection(SolutionConfigurationPlatforms) = preSolution
		Debug|Any CPU = Debug|Any CPU
		Release|Any CPU = Release|Any CPU
	EndGlobalSection
	GlobalSection(ProjectConfigurationPlatforms) = postSolution
		{02FFE7A3-7B3E-4828-988E-354D9B8064FA}.Debug|Any CPU.ActiveCfg = Debug|Any CPU
		{02FFE7A3-7B3E-4828-988E-354D9B8064FA}.Debug|Any CPU.Build.0 = Debug|Any CPU
		{02FFE7A3-7B3E-4828-988E-354D9B8064FA}.Release|Any CPU.ActiveCfg = Release|Any CPU
		{02FFE7A3-7B3E-4828-988E-354D9B8064FA}.Release|Any CPU.Build.0 = Release|Any CPU
	EndGlobalSection
	GlobalSection(SolutionProperties) = preSolution
		HideSolutionNode = FALSE
	EndGlobalSection
	GlobalSection(ExtensibilityGlobals) = postSolution
		SolutionGuid = {5F194FF6-B5A7-47D0-9529-A14CF8D4C044}
	EndGlobalSection
EndGlobal
